
Microsoft Visual Studio Solution File, Format Version 12.00
# Visual Studio Version 17
VisualStudioVersion = 17.2.32505.173
MinimumVisualStudioVersion = 10.0.40219.1
Project("{FAE04EC0-301F-11D3-BF4B-00C04F79EFBC}") = "WebApplication2", "WebApplication2\WebApplication2.csproj", "{0F802002-C06C-48CD-8126-458FAD2C2F0A}"
EndProject
Global
	GlobalSection(SolutionConfigurationPlatforms) = preSolution
		Debug|Any CPU = Debug|Any CPU
		Release|Any CPU = Release|Any CPU
	EndGlobalSection
	GlobalSection(ProjectConfigurationPlatforms) = postSolution
		{0F802002-C06C-48CD-8126-458FAD2C2F0A}.Debug|Any CPU.ActiveCfg = Debug|Any CPU
		{0F802002-C06C-48CD-8126-458FAD2C2F0A}.Debug|Any CPU.Build.0 = Debug|Any CPU
		{0F802002-C06C-48CD-8126-458FAD2C2F0A}.Release|Any CPU.ActiveCfg = Release|Any CPU
		{0F802002-C06C-48CD-8126-458FAD2C2F0A}.Release|Any CPU.Build.0 = Release|Any CPU
	EndGlobalSection
	GlobalSection(SolutionProperties) = preSolution
		HideSolutionNode = FALSE
	EndGlobalSection
	GlobalSection(ExtensibilityGlobals) = postSolution
		SolutionGuid = {B5437ABA-E72B-4A8C-9121-1FAE58E194F0}
	EndGlobalSection
EndGlobal
